{
  "name": "nv-array-location",
  "version": "1.0.0",
  "lockfileVersion": 1,
  "requires": true,
  "dependencies": {
    "nv-array-basic": {
      "version": "1.0.10",
      "resolved": "https://registry.npmjs.org/nv-array-basic/-/nv-array-basic-1.0.10.tgz",
      "integrity": "sha512-2I0jWoxhomWCyyUdT+3HYHBd9WBjN3gQq7F/x4jom3qTcq+GIym/9a1zyvCmM3k1wPMVSVIEYVfhQSwjRGq7LA=="
    },
    "nv-array-slide": {
      "version": "1.0.1",
      "resolved": "https://registry.npmjs.org/nv-array-slide/-/nv-array-slide-1.0.1.tgz",
      "integrity": "sha512-V9xGryMMqTsJGWaSwZNzNiTfl5fRuXnlFdOPQmLgVsZLq7lBmUe8lXnemadfDog9CAXt4nwjjEbyVABTVT5SkQ==",
      "requires": {
        "nv-array-basic": "^1.0.10"
      }
    }
  }
}
