{
  "name": "nv-array-replace-with-index",
  "version": "1.0.0",
  "lockfileVersion": 1,
  "requires": true,
  "dependencies": {
    "nv-array-basic": {
      "version": "1.0.6",
      "resolved": "https://registry.npmjs.org/nv-array-basic/-/nv-array-basic-1.0.6.tgz",
      "integrity": "sha512-cmu7TxxAy2X/wNm6LbHPnHDXCbhIyRxvrUHP+yor/OubPM/MPkOFuAsdrD3kD09lN+YJNZqePRw9Sgj0SytBTg=="
    }
  }
}
