{
  "name": "nv-array-listenable",
  "version": "1.0.3",
  "lockfileVersion": 2,
  "requires": true,
  "packages": {
    "": {
      "version": "1.0.3",
      "license": "ISC",
      "dependencies": {
        "nv-facutil-reactivize": "^1.0.5"
      }
    },
    "node_modules/nv-facutil-event": {
      "version": "1.0.0",
      "resolved": "https://registry.npmjs.org/nv-facutil-event/-/nv-facutil-event-1.0.0.tgz",
      "integrity": "sha512-3BDjR39q9eB7VOWIye/LBtbizLelkUmf0KtsrXF1srityDpnhOuId3NDaYifkM1rB8zgMiVZ52iAHeJio5fJHg==",
      "dependencies": {
        "nv-facutil-name": "^1.0.3"
      }
    },
    "node_modules/nv-facutil-name": {
      "version": "1.0.4",
      "resolved": "https://registry.npmjs.org/nv-facutil-name/-/nv-facutil-name-1.0.4.tgz",
      "integrity": "sha512-HE79bNP+wN+0yTNm3TQ9ynZa/QfbWXwvmuxz7Li6RF9PREHIy4nVS+Hz4ljER+kxEVprn6fydHv0BuAa+n2SkA=="
    },
    "node_modules/nv-facutil-reactivize": {
      "version": "1.0.5",
      "resolved": "https://registry.npmjs.org/nv-facutil-reactivize/-/nv-facutil-reactivize-1.0.5.tgz",
      "integrity": "sha512-iLI/fWg9iOXnumQfLnsUWOPoH023CWzpR3dCzFSCx724JwULo1p91TpXaBVE7Y2q9+u5eu290TnX3nxcDNXXjw==",
      "dependencies": {
        "nv-facutil-event": "^1.0.0",
        "nv-facutil-name": "^1.0.4"
      }
    }
  },
  "dependencies": {
    "nv-facutil-event": {
      "version": "1.0.0",
      "resolved": "https://registry.npmjs.org/nv-facutil-event/-/nv-facutil-event-1.0.0.tgz",
      "integrity": "sha512-3BDjR39q9eB7VOWIye/LBtbizLelkUmf0KtsrXF1srityDpnhOuId3NDaYifkM1rB8zgMiVZ52iAHeJio5fJHg==",
      "requires": {
        "nv-facutil-name": "^1.0.3"
      }
    },
    "nv-facutil-name": {
      "version": "1.0.4",
      "resolved": "https://registry.npmjs.org/nv-facutil-name/-/nv-facutil-name-1.0.4.tgz",
      "integrity": "sha512-HE79bNP+wN+0yTNm3TQ9ynZa/QfbWXwvmuxz7Li6RF9PREHIy4nVS+Hz4ljER+kxEVprn6fydHv0BuAa+n2SkA=="
    },
    "nv-facutil-reactivize": {
      "version": "1.0.5",
      "resolved": "https://registry.npmjs.org/nv-facutil-reactivize/-/nv-facutil-reactivize-1.0.5.tgz",
      "integrity": "sha512-iLI/fWg9iOXnumQfLnsUWOPoH023CWzpR3dCzFSCx724JwULo1p91TpXaBVE7Y2q9+u5eu290TnX3nxcDNXXjw==",
      "requires": {
        "nv-facutil-event": "^1.0.0",
        "nv-facutil-name": "^1.0.4"
      }
    }
  }
}
