{
  "name": "nv-array-pop-with-value",
  "version": "1.0.2",
  "lockfileVersion": 1,
  "requires": true,
  "dependencies": {
    "nv-array-pop-with-function": {
      "version": "1.0.2",
      "resolved": "https://registry.npmjs.org/nv-array-pop-with-function/-/nv-array-pop-with-function-1.0.2.tgz",
      "integrity": "sha512-w6BZskvDeu29G6DS9QUEEvdacEJS/DEjYBIbFHEyxyE4R94hO7X1X7A2GNgpJLzdKG39/QlHfJLSGt4cdyzwsQ=="
    }
  }
}
